
Microsoft Visual Studio Solution File, Format Version 12.00
# Visual Studio Version 16
VisualStudioVersion = 16.0.29306.81
MinimumVisualStudioVersion = 10.0.40219.1
Project("{FAE04EC0-301F-11D3-BF4B-00C04F79EFBC}") = "TaskbookShell", "TaskbookShell\TaskbookShell.csproj", "{E8FB3242-CF88-47EE-BBD2-A2C9D57EB50C}"
EndProject
Global
	GlobalSection(SolutionConfigurationPlatforms) = preSolution
		Debug|Any CPU = Debug|Any CPU
		Release|Any CPU = Release|Any CPU
	EndGlobalSection
	GlobalSection(ProjectConfigurationPlatforms) = postSolution
		{E8FB3242-CF88-47EE-BBD2-A2C9D57EB50C}.Debug|Any CPU.ActiveCfg = Debug|Any CPU
		{E8FB3242-CF88-47EE-BBD2-A2C9D57EB50C}.Debug|Any CPU.Build.0 = Debug|Any CPU
		{E8FB3242-CF88-47EE-BBD2-A2C9D57EB50C}.Release|Any CPU.ActiveCfg = Release|Any CPU
		{E8FB3242-CF88-47EE-BBD2-A2C9D57EB50C}.Release|Any CPU.Build.0 = Release|Any CPU
	EndGlobalSection
	GlobalSection(SolutionProperties) = preSolution
		HideSolutionNode = FALSE
	EndGlobalSection
	GlobalSection(ExtensibilityGlobals) = postSolution
		SolutionGuid = {4E6CE070-20B9-48F4-B8D4-05BA8EB1273F}
	EndGlobalSection
EndGlobal
